
Microsoft Visual Studio Solution File, Format Version 11.00
# Visual Studio 2010
Project("{FAE04EC0-301F-11D3-BF4B-00C04F79EFBC}") = "Assembly-CSharp", "Assembly-CSharp.csproj", "{1F6FB46B-F379-8A19-50B3-E03E7C479D9C}"
EndProject
Project("{FAE04EC0-301F-11D3-BF4B-00C04F79EFBC}") = "Assembly-CSharp-firstpass", "Assembly-CSharp-firstpass.csproj", "{f6b411e4-d3e6-3300-7547-1c3827977c27}"
EndProject
Project("{FAE04EC0-301F-11D3-BF4B-00C04F79EFBC}") = "Assembly-CSharp-Editor", "Assembly-CSharp-Editor.csproj", "{8913c695-f829-4e0a-97b5-fb049162a8e9}"
EndProject
Global
	GlobalSection(SolutionConfigurationPlatforms) = preSolution
		Debug|Any CPU = Debug|Any CPU
		Release|Any CPU = Release|Any CPU
	EndGlobalSection
	GlobalSection(ProjectConfigurationPlatforms) = postSolution
<<<<<<< HEAD
		{6bb46f1f-79f3-198a-50b3-e03e7c479d9c}.Debug|Any CPU.ActiveCfg = Debug|Any CPU
		{6bb46f1f-79f3-198a-50b3-e03e7c479d9c}.Debug|Any CPU.Build.0 = Debug|Any CPU
		{f6b411e4-d3e6-3300-7547-1c3827977c27}.Debug|Any CPU.ActiveCfg = Debug|Any CPU
		{f6b411e4-d3e6-3300-7547-1c3827977c27}.Debug|Any CPU.Build.0 = Debug|Any CPU
		{8913c695-f829-4e0a-97b5-fb049162a8e9}.Debug|Any CPU.ActiveCfg = Debug|Any CPU
		{8913c695-f829-4e0a-97b5-fb049162a8e9}.Debug|Any CPU.Build.0 = Debug|Any CPU
=======
		{1F6FB46B-F379-8A19-50B3-E03E7C479D9C}.Debug|Any CPU.ActiveCfg = Debug|Any CPU
		{1F6FB46B-F379-8A19-50B3-E03E7C479D9C}.Debug|Any CPU.Build.0 = Debug|Any CPU
		{1F6FB46B-F379-8A19-50B3-E03E7C479D9C}.Release|Any CPU.ActiveCfg = Release|Any CPU
		{1F6FB46B-F379-8A19-50B3-E03E7C479D9C}.Release|Any CPU.Build.0 = Release|Any CPU
>>>>>>> Alexander
	EndGlobalSection
	GlobalSection(SolutionProperties) = preSolution
		HideSolutionNode = FALSE
	EndGlobalSection
EndGlobal
